
Microsoft Visual Studio Solution File, Format Version 12.00
# Visual Studio 15
VisualStudioVersion = 15.0.28010.2041
MinimumVisualStudioVersion = 10.0.40219.1
Project("{FAE04EC0-301F-11D3-BF4B-00C04F79EFBC}") = "WindowsForms", "WindowsForms\WindowsForms.csproj", "{82E3D9E7-B1E7-46C8-B38E-80A867E7E241}"
EndProject
Project("{FAE04EC0-301F-11D3-BF4B-00C04F79EFBC}") = "librairyOutil", "librairyOutil\librairyOutil.csproj", "{4ADCDC70-E51C-45A6-9B6D-644969318617}"
EndProject
Project("{FAE04EC0-301F-11D3-BF4B-00C04F79EFBC}") = "RemplirBase", "RemplirBase\RemplirBase.csproj", "{0B821299-D6D1-46A5-B997-861E59B71C17}"
EndProject
Project("{CC5FD16D-436D-48AD-A40C-5A424C6E3E79}") = "AzureCloudServiceInterne", "AzureCloudServiceInterne\AzureCloudServiceInterne.ccproj", "{0F71C841-93D4-48C8-B760-0AC35AF644A6}"
EndProject
Project("{FAE04EC0-301F-11D3-BF4B-00C04F79EFBC}") = "WCFServiceWebRole1", "WCFServiceWebRole1\WCFServiceWebRole1.csproj", "{C60F71AC-3296-4147-B264-249386D8DC52}"
EndProject
Project("{FAE04EC0-301F-11D3-BF4B-00C04F79EFBC}") = "testWCF", "testWCF\testWCF.csproj", "{44B10B34-0013-4772-9784-F2476AF725F4}"
EndProject
Global
	GlobalSection(SolutionConfigurationPlatforms) = preSolution
		Debug|Any CPU = Debug|Any CPU
		Release|Any CPU = Release|Any CPU
	EndGlobalSection
	GlobalSection(ProjectConfigurationPlatforms) = postSolution
		{82E3D9E7-B1E7-46C8-B38E-80A867E7E241}.Debug|Any CPU.ActiveCfg = Debug|Any CPU
		{82E3D9E7-B1E7-46C8-B38E-80A867E7E241}.Debug|Any CPU.Build.0 = Debug|Any CPU
		{82E3D9E7-B1E7-46C8-B38E-80A867E7E241}.Release|Any CPU.ActiveCfg = Release|Any CPU
		{82E3D9E7-B1E7-46C8-B38E-80A867E7E241}.Release|Any CPU.Build.0 = Release|Any CPU
		{4ADCDC70-E51C-45A6-9B6D-644969318617}.Debug|Any CPU.ActiveCfg = Debug|Any CPU
		{4ADCDC70-E51C-45A6-9B6D-644969318617}.Debug|Any CPU.Build.0 = Debug|Any CPU
		{4ADCDC70-E51C-45A6-9B6D-644969318617}.Release|Any CPU.ActiveCfg = Release|Any CPU
		{4ADCDC70-E51C-45A6-9B6D-644969318617}.Release|Any CPU.Build.0 = Release|Any CPU
		{0B821299-D6D1-46A5-B997-861E59B71C17}.Debug|Any CPU.ActiveCfg = Debug|Any CPU
		{0B821299-D6D1-46A5-B997-861E59B71C17}.Debug|Any CPU.Build.0 = Debug|Any CPU
		{0B821299-D6D1-46A5-B997-861E59B71C17}.Release|Any CPU.ActiveCfg = Release|Any CPU
		{0B821299-D6D1-46A5-B997-861E59B71C17}.Release|Any CPU.Build.0 = Release|Any CPU
		{0F71C841-93D4-48C8-B760-0AC35AF644A6}.Debug|Any CPU.ActiveCfg = Debug|Any CPU
		{0F71C841-93D4-48C8-B760-0AC35AF644A6}.Debug|Any CPU.Build.0 = Debug|Any CPU
		{0F71C841-93D4-48C8-B760-0AC35AF644A6}.Release|Any CPU.ActiveCfg = Release|Any CPU
		{0F71C841-93D4-48C8-B760-0AC35AF644A6}.Release|Any CPU.Build.0 = Release|Any CPU
		{C60F71AC-3296-4147-B264-249386D8DC52}.Debug|Any CPU.ActiveCfg = Debug|Any CPU
		{C60F71AC-3296-4147-B264-249386D8DC52}.Debug|Any CPU.Build.0 = Debug|Any CPU
		{C60F71AC-3296-4147-B264-249386D8DC52}.Release|Any CPU.ActiveCfg = Release|Any CPU
		{C60F71AC-3296-4147-B264-249386D8DC52}.Release|Any CPU.Build.0 = Release|Any CPU
		{44B10B34-0013-4772-9784-F2476AF725F4}.Debug|Any CPU.ActiveCfg = Debug|Any CPU
		{44B10B34-0013-4772-9784-F2476AF725F4}.Debug|Any CPU.Build.0 = Debug|Any CPU
		{44B10B34-0013-4772-9784-F2476AF725F4}.Release|Any CPU.ActiveCfg = Release|Any CPU
		{44B10B34-0013-4772-9784-F2476AF725F4}.Release|Any CPU.Build.0 = Release|Any CPU
	EndGlobalSection
	GlobalSection(SolutionProperties) = preSolution
		HideSolutionNode = FALSE
	EndGlobalSection
	GlobalSection(ExtensibilityGlobals) = postSolution
		SolutionGuid = {741F6B25-80C6-43B4-9DC7-E0BF18739E16}
	EndGlobalSection
EndGlobal
